
Microsoft Visual Studio Solution File, Format Version 12.00
# Visual Studio Version 17
VisualStudioVersion = 17.3.32929.385
MinimumVisualStudioVersion = 10.0.40219.1
Project("{FAE04EC0-301F-11D3-BF4B-00C04F79EFBC}") = "Project_10_01_2023", "Project_10_01_2023\Project_10_01_2023.csproj", "{AF04A22C-5F3F-46E1-8509-E8BDD1DA979D}"
EndProject
Global
	GlobalSection(SolutionConfigurationPlatforms) = preSolution
		Debug|Any CPU = Debug|Any CPU
		Release|Any CPU = Release|Any CPU
	EndGlobalSection
	GlobalSection(ProjectConfigurationPlatforms) = postSolution
		{AF04A22C-5F3F-46E1-8509-E8BDD1DA979D}.Debug|Any CPU.ActiveCfg = Debug|Any CPU
		{AF04A22C-5F3F-46E1-8509-E8BDD1DA979D}.Debug|Any CPU.Build.0 = Debug|Any CPU
		{AF04A22C-5F3F-46E1-8509-E8BDD1DA979D}.Release|Any CPU.ActiveCfg = Release|Any CPU
		{AF04A22C-5F3F-46E1-8509-E8BDD1DA979D}.Release|Any CPU.Build.0 = Release|Any CPU
	EndGlobalSection
	GlobalSection(SolutionProperties) = preSolution
		HideSolutionNode = FALSE
	EndGlobalSection
	GlobalSection(ExtensibilityGlobals) = postSolution
		SolutionGuid = {1B210D33-E352-44CF-A8CF-79272575DED7}
	EndGlobalSection
EndGlobal
